
Microsoft Visual Studio Solution File, Format Version 12.00
# Visual Studio Version 17
VisualStudioVersion = 17.5.33627.172
MinimumVisualStudioVersion = 10.0.40219.1
Project("{8BC9CEB8-8B4A-11D0-8D11-00A0C91BC942}") = "ListaDoble", "ListaDoble\ListaDoble.vcxproj", "{A580B8D0-EC3C-43D9-9430-625A5877EADA}"
EndProject
Global
	GlobalSection(SolutionConfigurationPlatforms) = preSolution
		Debug|x64 = Debug|x64
		Debug|x86 = Debug|x86
		Release|x64 = Release|x64
		Release|x86 = Release|x86
	EndGlobalSection
	GlobalSection(ProjectConfigurationPlatforms) = postSolution
		{A580B8D0-EC3C-43D9-9430-625A5877EADA}.Debug|x64.ActiveCfg = Debug|x64
		{A580B8D0-EC3C-43D9-9430-625A5877EADA}.Debug|x64.Build.0 = Debug|x64
		{A580B8D0-EC3C-43D9-9430-625A5877EADA}.Debug|x86.ActiveCfg = Debug|Win32
		{A580B8D0-EC3C-43D9-9430-625A5877EADA}.Debug|x86.Build.0 = Debug|Win32
		{A580B8D0-EC3C-43D9-9430-625A5877EADA}.Release|x64.ActiveCfg = Release|x64
		{A580B8D0-EC3C-43D9-9430-625A5877EADA}.Release|x64.Build.0 = Release|x64
		{A580B8D0-EC3C-43D9-9430-625A5877EADA}.Release|x86.ActiveCfg = Release|Win32
		{A580B8D0-EC3C-43D9-9430-625A5877EADA}.Release|x86.Build.0 = Release|Win32
	EndGlobalSection
	GlobalSection(SolutionProperties) = preSolution
		HideSolutionNode = FALSE
	EndGlobalSection
	GlobalSection(ExtensibilityGlobals) = postSolution
		SolutionGuid = {4E27DC39-C6F7-4101-84AA-7D8AEA17E11A}
	EndGlobalSection
EndGlobal
